
Microsoft Visual Studio Solution File, Format Version 12.00
Project("{FAE04EC0-301F-11D3-BF4B-00C04F79EFBC}") = "Module25_LINQ", "Module25_LINQ\Module25_LINQ.csproj", "{55625948-4602-48E5-80C9-160CC75A1131}"
EndProject
Global
	GlobalSection(SolutionConfigurationPlatforms) = preSolution
		Debug|Any CPU = Debug|Any CPU
		Release|Any CPU = Release|Any CPU
	EndGlobalSection
	GlobalSection(ProjectConfigurationPlatforms) = postSolution
		{55625948-4602-48E5-80C9-160CC75A1131}.Debug|Any CPU.ActiveCfg = Debug|Any CPU
		{55625948-4602-48E5-80C9-160CC75A1131}.Debug|Any CPU.Build.0 = Debug|Any CPU
		{55625948-4602-48E5-80C9-160CC75A1131}.Release|Any CPU.ActiveCfg = Release|Any CPU
		{55625948-4602-48E5-80C9-160CC75A1131}.Release|Any CPU.Build.0 = Release|Any CPU
	EndGlobalSection
EndGlobal
