
Microsoft Visual Studio Solution File, Format Version 12.00
Project("{FAE04EC0-301F-11D3-BF4B-00C04F79EFBC}") = "Module32_Collections", "Module32_Collections\Module32_Collections.csproj", "{1C683596-9FDE-48DA-9092-C8B93C62AD67}"
EndProject
Global
	GlobalSection(SolutionConfigurationPlatforms) = preSolution
		Debug|Any CPU = Debug|Any CPU
		Release|Any CPU = Release|Any CPU
	EndGlobalSection
	GlobalSection(ProjectConfigurationPlatforms) = postSolution
		{1C683596-9FDE-48DA-9092-C8B93C62AD67}.Debug|Any CPU.ActiveCfg = Debug|Any CPU
		{1C683596-9FDE-48DA-9092-C8B93C62AD67}.Debug|Any CPU.Build.0 = Debug|Any CPU
		{1C683596-9FDE-48DA-9092-C8B93C62AD67}.Release|Any CPU.ActiveCfg = Release|Any CPU
		{1C683596-9FDE-48DA-9092-C8B93C62AD67}.Release|Any CPU.Build.0 = Release|Any CPU
	EndGlobalSection
EndGlobal
