
Microsoft Visual Studio Solution File, Format Version 12.00
Project("{FAE04EC0-301F-11D3-BF4B-00C04F79EFBC}") = "Module23_24_CSharpWithDatabase", "Module23_24_CSharpWithDatabase\Module23_24_CSharpWithDatabase.csproj", "{CF567394-B3ED-47B3-80DF-D328D03CDC23}"
EndProject
Global
	GlobalSection(SolutionConfigurationPlatforms) = preSolution
		Debug|Any CPU = Debug|Any CPU
		Release|Any CPU = Release|Any CPU
	EndGlobalSection
	GlobalSection(ProjectConfigurationPlatforms) = postSolution
		{CF567394-B3ED-47B3-80DF-D328D03CDC23}.Debug|Any CPU.ActiveCfg = Debug|Any CPU
		{CF567394-B3ED-47B3-80DF-D328D03CDC23}.Debug|Any CPU.Build.0 = Debug|Any CPU
		{CF567394-B3ED-47B3-80DF-D328D03CDC23}.Release|Any CPU.ActiveCfg = Release|Any CPU
		{CF567394-B3ED-47B3-80DF-D328D03CDC23}.Release|Any CPU.Build.0 = Release|Any CPU
	EndGlobalSection
EndGlobal
